// !$*UTF8*$!
{
	archiveVersion = 1;
	classes = {
	};
	objectVersion = 50;
	objects = {

/* Begin PBXBuildFile section */
		BD0BDA222309BBB2009614F3 /* AppDelegate.swift in Sources */ = {isa = PBXBuildFile; fileRef = BD0BDA212309BBB2009614F3 /* AppDelegate.swift */; };
		BD0BDA242309BBB2009614F3 /* WelcomeViewController.swift in Sources */ = {isa = PBXBuildFile; fileRef = BD0BDA232309BBB2009614F3 /* WelcomeViewController.swift */; };
		BD0BDA272309BBB2009614F3 /* Main.storyboard in Resources */ = {isa = PBXBuildFile; fileRef = BD0BDA252309BBB2009614F3 /* Main.storyboard */; };
		BD0BDA292309BBB4009614F3 /* Assets.xcassets in Resources */ = {isa = PBXBuildFile; fileRef = BD0BDA282309BBB4009614F3 /* Assets.xcassets */; };
		BD0BDA2C2309BBB4009614F3 /* LaunchScreen.storyboard in Resources */ = {isa = PBXBuildFile; fileRef = BD0BDA2A2309BBB4009614F3 /* LaunchScreen.storyboard */; };
		BD0BDA352309DE9D009614F3 /* BorderButton.swift in Sources */ = {isa = PBXBuildFile; fileRef = BD0BDA342309DE9D009614F3 /* BorderButton.swift */; };
		BD0BDA39230FE1F3009614F3 /* LeagueViewController.swift in Sources */ = {isa = PBXBuildFile; fileRef = BD0BDA38230FE1F3009614F3 /* LeagueViewController.swift */; };
		BD0BDA3B230FE208009614F3 /* SkillViewController.swift in Sources */ = {isa = PBXBuildFile; fileRef = BD0BDA3A230FE208009614F3 /* SkillViewController.swift */; };
		BD0BDA3D23103017009614F3 /* Player.swift in Sources */ = {isa = PBXBuildFile; fileRef = BD0BDA3C23103017009614F3 /* Player.swift */; };
/* End PBXBuildFile section */

/* Begin PBXFileReference section */
		BD0BDA1E2309BBB2009614F3 /* app-swoosh.app */ = {isa = PBXFileReference; explicitFileType = wrapper.application; includeInIndex = 0; path = "app-swoosh.app"; sourceTree = BUILT_PRODUCTS_DIR; };
		BD0BDA212309BBB2009614F3 /* AppDelegate.swift */ = {isa = PBXFileReference; lastKnownFileType = sourcecode.swift; path = AppDelegate.swift; sourceTree = "<group>"; };
		BD0BDA232309BBB2009614F3 /* WelcomeViewController.swift */ = {isa = PBXFileReference; lastKnownFileType = sourcecode.swift; path = WelcomeViewController.swift; sourceTree = "<group>"; };
		BD0BDA262309BBB2009614F3 /* Base */ = {isa = PBXFileReference; lastKnownFileType = file.storyboard; name = Base; path = Base.lproj/Main.storyboard; sourceTree = "<group>"; };
		BD0BDA282309BBB4009614F3 /* Assets.xcassets */ = {isa = PBXFileReference; lastKnownFileType = folder.assetcatalog; path = Assets.xcassets; sourceTree = "<group>"; };
		BD0BDA2B2309BBB4009614F3 /* Base */ = {isa = PBXFileReference; lastKnownFileType = file.storyboard; name = Base; path = Base.lproj/LaunchScreen.storyboard; sourceTree = "<group>"; };
		BD0BDA2D2309BBB4009614F3 /* Info.plist */ = {isa = PBXFileReference; lastKnownFileType = text.plist.xml; path = Info.plist; sourceTree = "<group>"; };
		BD0BDA342309DE9D009614F3 /* BorderButton.swift */ = {isa = PBXFileReference; lastKnownFileType = sourcecode.swift; path = BorderButton.swift; sourceTree = "<group>"; };
		BD0BDA38230FE1F3009614F3 /* LeagueViewController.swift */ = {isa = PBXFileReference; lastKnownFileType = sourcecode.swift; path = LeagueViewController.swift; sourceTree = "<group>"; };
		BD0BDA3A230FE208009614F3 /* SkillViewController.swift */ = {isa = PBXFileReference; lastKnownFileType = sourcecode.swift; path = SkillViewController.swift; sourceTree = "<group>"; };
		BD0BDA3C23103017009614F3 /* Player.swift */ = {isa = PBXFileReference; lastKnownFileType = sourcecode.swift; path = Player.swift; sourceTree = "<group>"; };
/* End PBXFileReference section */

/* Begin PBXFrameworksBuildPhase section */
		BD0BDA1B2309BBB2009614F3 /* Frameworks */ = {
			isa = PBXFrameworksBuildPhase;
			buildActionMask = 2147483647;
			files = (
			);
			runOnlyForDeploymentPostprocessing = 0;
		};
/* End PBXFrameworksBuildPhase section */

/* Begin PBXGroup section */
		BD0BDA152309BBB2009614F3 = {
			isa = PBXGroup;
			children = (
				BD0BDA202309BBB2009614F3 /* app-swoosh */,
				BD0BDA1F2309BBB2009614F3 /* Products */,
			);
			sourceTree = "<group>";
		};
		BD0BDA1F2309BBB2009614F3 /* Products */ = {
			isa = PBXGroup;
			children = (
				BD0BDA1E2309BBB2009614F3 /* app-swoosh.app */,
			);
			name = Products;
			sourceTree = "<group>";
		};
		BD0BDA202309BBB2009614F3 /* app-swoosh */ = {
			isa = PBXGroup;
			children = (
				BD0BDA37230FDE0E009614F3 /* Models */,
				BD0BDA36230FDE07009614F3 /* Controllers */,
				BD0BDA332309DE78009614F3 /* Views */,
				BD0BDA212309BBB2009614F3 /* AppDelegate.swift */,
				BD0BDA252309BBB2009614F3 /* Main.storyboard */,
				BD0BDA282309BBB4009614F3 /* Assets.xcassets */,
				BD0BDA2A2309BBB4009614F3 /* LaunchScreen.storyboard */,
				BD0BDA2D2309BBB4009614F3 /* Info.plist */,
			);
			path = "app-swoosh";
			sourceTree = "<group>";
		};
		BD0BDA332309DE78009614F3 /* Views */ = {
			isa = PBXGroup;
			children = (
				BD0BDA342309DE9D009614F3 /* BorderButton.swift */,
			);
			path = Views;
			sourceTree = "<group>";
		};
		BD0BDA36230FDE07009614F3 /* Controllers */ = {
			isa = PBXGroup;
			children = (
				BD0BDA232309BBB2009614F3 /* WelcomeViewController.swift */,
				BD0BDA38230FE1F3009614F3 /* LeagueViewController.swift */,
				BD0BDA3A230FE208009614F3 /* SkillViewController.swift */,
			);
			path = Controllers;
			sourceTree = "<group>";
		};
		BD0BDA37230FDE0E009614F3 /* Models */ = {
			isa = PBXGroup;
			children = (
				BD0BDA3C23103017009614F3 /* Player.swift */,
			);
			path = Models;
			sourceTree = "<group>";
		};
/* End PBXGroup section */

/* Begin PBXNativeTarget section */
		BD0BDA1D2309BBB2009614F3 /* app-swoosh */ = {
			isa = PBXNativeTarget;
			buildConfigurationList = BD0BDA302309BBB4009614F3 /* Build configuration list for PBXNativeTarget "app-swoosh" */;
			buildPhases = (
				BD0BDA1A2309BBB2009614F3 /* Sources */,
				BD0BDA1B2309BBB2009614F3 /* Frameworks */,
				BD0BDA1C2309BBB2009614F3 /* Resources */,
			);
			buildRules = (
			);
			dependencies = (
			);
			name = "app-swoosh";
			productName = "app-swoosh";
			productReference = BD0BDA1E2309BBB2009614F3 /* app-swoosh.app */;
			productType = "com.apple.product-type.application";
		};
/* End PBXNativeTarget section */

/* Begin PBXProject section */
		BD0BDA162309BBB2009614F3 /* Project object */ = {
			isa = PBXProject;
			attributes = {
				LastSwiftUpdateCheck = 1030;
				LastUpgradeCheck = 1030;
				ORGANIZATIONNAME = Nahid;
				TargetAttributes = {
					BD0BDA1D2309BBB2009614F3 = {
						CreatedOnToolsVersion = 10.3;
					};
				};
			};
			buildConfigurationList = BD0BDA192309BBB2009614F3 /* Build configuration list for PBXProject "app-swoosh" */;
			compatibilityVersion = "Xcode 9.3";
			developmentRegion = en;
			hasScannedForEncodings = 0;
			knownRegions = (
				en,
				Base,
			);
			mainGroup = BD0BDA152309BBB2009614F3;
			productRefGroup = BD0BDA1F2309BBB2009614F3 /* Products */;
			projectDirPath = "";
			projectRoot = "";
			targets = (
				BD0BDA1D2309BBB2009614F3 /* app-swoosh */,
			);
		};
/* End PBXProject section */

/* Begin PBXResourcesBuildPhase section */
		BD0BDA1C2309BBB2009614F3 /* Resources */ = {
			isa = PBXResourcesBuildPhase;
			buildActionMask = 2147483647;
			files = (
				BD0BDA2C2309BBB4009614F3 /* LaunchScreen.storyboard in Resources */,
				BD0BDA292309BBB4009614F3 /* Assets.xcassets in Resources */,
				BD0BDA272309BBB2009614F3 /* Main.storyboard in Resources */,
			);
			runOnlyForDeploymentPostprocessing = 0;
		};
/* End PBXResourcesBuildPhase section */

/* Begin PBXSourcesBuildPhase section */
		BD0BDA1A2309BBB2009614F3 /* Sources */ = {
			isa = PBXSourcesBuildPhase;
			buildActionMask = 2147483647;
			files = (
				BD0BDA242309BBB2009614F3 /* WelcomeViewController.swift in Sources */,
				BD0BDA222309BBB2009614F3 /* AppDelegate.swift in Sources */,
				BD0BDA3B230FE208009614F3 /* SkillViewController.swift in Sources */,
				BD0BDA352309DE9D009614F3 /* BorderButton.swift in Sources */,
				BD0BDA3D23103017009614F3 /* Player.swift in Sources */,
				BD0BDA39230FE1F3009614F3 /* LeagueViewController.swift in Sources */,
			);
			runOnlyForDeploymentPostprocessing = 0;
		};
/* End PBXSourcesBuildPhase section */

/* Begin PBXVariantGroup section */
		BD0BDA252309BBB2009614F3 /* Main.storyboard */ = {
			isa = PBXVariantGroup;
			children = (
				BD0BDA262309BBB2009614F3 /* Base */,
			);
			name = Main.storyboard;
			sourceTree = "<group>";
		};
		BD0BDA2A2309BBB4009614F3 /* LaunchScreen.storyboard */ = {
			isa = PBXVariantGroup;
			children = (
				BD0BDA2B2309BBB4009614F3 /* Base */,
			);
			name = LaunchScreen.storyboard;
			sourceTree = "<group>";
		};
/* End PBXVariantGroup section */

/* Begin XCBuildConfiguration section */
		BD0BDA2E2309BBB4009614F3 /* Debug */ = {
			isa = XCBuildConfiguration;
			buildSettings = {
				ALWAYS_SEARCH_USER_PATHS = NO;
				CLANG_ANALYZER_NONNULL = YES;
				CLANG_ANALYZER_NUMBER_OBJECT_CONVERSION = YES_AGGRESSIVE;
				CLANG_CXX_LANGUAGE_STANDARD = "gnu++14";
				CLANG_CXX_LIBRARY = "libc++";
				CLANG_ENABLE_MODULES = YES;
				CLANG_ENABLE_OBJC_ARC = YES;
				CLANG_ENABLE_OBJC_WEAK = YES;
				CLANG_WARN_BLOCK_CAPTURE_AUTORELEASING = YES;
				CLANG_WARN_BOOL_CONVERSION = YES;
				CLANG_WARN_COMMA = YES;
				CLANG_WARN_CONSTANT_CONVERSION = YES;
				CLANG_WARN_DEPRECATED_OBJC_IMPLEMENTATIONS = YES;
				CLANG_WARN_DIRECT_OBJC_ISA_USAGE = YES_ERROR;
				CLANG_WARN_DOCUMENTATION_COMMENTS = YES;
				CLANG_WARN_EMPTY_BODY = YES;
				CLANG_WARN_ENUM_CONVERSION = YES;
				CLANG_WARN_INFINITE_RECURSION = YES;
				CLANG_WARN_INT_CONVERSION = YES;
				CLANG_WARN_NON_LITERAL_NULL_CONVERSION = YES;
				CLANG_WARN_OBJC_IMPLICIT_RETAIN_SELF = YES;
				CLANG_WARN_OBJC_LITERAL_CONVERSION = YES;
				CLANG_WARN_OBJC_ROOT_CLASS = YES_ERROR;
				CLANG_WARN_RANGE_LOOP_ANALYSIS = YES;
				CLANG_WARN_STRICT_PROTOTYPES = YES;
				CLANG_WARN_SUSPICIOUS_MOVE = YES;
				CLANG_WARN_UNGUARDED_AVAILABILITY = YES_AGGRESSIVE;
				CLANG_WARN_UNREACHABLE_CODE = YES;
				CLANG_WARN__DUPLICATE_METHOD_MATCH = YES;
				CODE_SIGN_IDENTITY = "iPhone Developer";
				COPY_PHASE_STRIP = NO;
				DEBUG_INFORMATION_FORMAT = dwarf;
				ENABLE_STRICT_OBJC_MSGSEND = YES;
				ENABLE_TESTABILITY = YES;
				GCC_C_LANGUAGE_STANDARD = gnu11;
				GCC_DYNAMIC_NO_PIC = NO;
				GCC_NO_COMMON_BLOCKS = YES;
				GCC_OPTIMIZATION_LEVEL = 0;
				GCC_PREPROCESSOR_DEFINITIONS = (
					"DEBUG=1",
					"$(inherited)",
				);
				GCC_WARN_64_TO_32_BIT_CONVERSION = YES;
				GCC_WARN_ABOUT_RETURN_TYPE = YES_ERROR;
				GCC_WARN_UNDECLARED_SELECTOR = YES;
				GCC_WARN_UNINITIALIZED_AUTOS = YES_AGGRESSIVE;
				GCC_WARN_UNUSED_FUNCTION = YES;
				GCC_WARN_UNUSED_VARIABLE = YES;
				IPHONEOS_DEPLOYMENT_TARGET = 12.4;
				MTL_ENABLE_DEBUG_INFO = INCLUDE_SOURCE;
				MTL_FAST_MATH = YES;
				ONLY_ACTIVE_ARCH = YES;
				SDKROOT = iphoneos;
				SWIFT_ACTIVE_COMPILATION_CONDITIONS = DEBUG;
				SWIFT_OPTIMIZATION_LEVEL = "-Onone";
			};
			name = Debug;
		};
		BD0BDA2F2309BBB4009614F3 /* Release */ = {
			isa = XCBuildConfiguration;
			buildSettings = {
				ALWAYS_SEARCH_USER_PATHS = NO;
				CLANG_ANALYZER_NONNULL = YES;
				CLANG_ANALYZER_NUMBER_OBJECT_CONVERSION = YES_AGGRESSIVE;
				CLANG_CXX_LANGUAGE_STANDARD = "gnu++14";
				CLANG_CXX_LIBRARY = "libc++";
				CLANG_ENABLE_MODULES = YES;
				CLANG_ENABLE_OBJC_ARC = YES;
				CLANG_ENABLE_OBJC_WEAK = YES;
				CLANG_WARN_BLOCK_CAPTURE_AUTORELEASING = YES;
				CLANG_WARN_BOOL_CONVERSION = YES;
				CLANG_WARN_COMMA = YES;
				CLANG_WARN_CONSTANT_CONVERSION = YES;
				CLANG_WARN_DEPRECATED_OBJC_IMPLEMENTATIONS = YES;
				CLANG_WARN_DIRECT_OBJC_ISA_USAGE = YES_ERROR;
				CLANG_WARN_DOCUMENTATION_COMMENTS = YES;
				CLANG_WARN_EMPTY_BODY = YES;
				CLANG_WARN_ENUM_CONVERSION = YES;
				CLANG_WARN_INFINITE_RECURSION = YES;
				CLANG_WARN_INT_CONVERSION = YES;
				CLANG_WARN_NON_LITERAL_NULL_CONVERSION = YES;
				CLANG_WARN_OBJC_IMPLICIT_RETAIN_SELF = YES;
				CLANG_WARN_OBJC_LITERAL_CONVERSION = YES;
				CLANG_WARN_OBJC_ROOT_CLASS = YES_ERROR;
				CLANG_WARN_RANGE_LOOP_ANALYSIS = YES;
				CLANG_WARN_STRICT_PROTOTYPES = YES;
				CLANG_WARN_SUSPICIOUS_MOVE = YES;
				CLANG_WARN_UNGUARDED_AVAILABILITY = YES_AGGRESSIVE;
				CLANG_WARN_UNREACHABLE_CODE = YES;
				CLANG_WARN__DUPLICATE_METHOD_MATCH = YES;
				CODE_SIGN_IDENTITY = "iPhone Developer";
				COPY_PHASE_STRIP = NO;
				DEBUG_INFORMATION_FORMAT = "dwarf-with-dsym";
				ENABLE_NS_ASSERTIONS = NO;
				ENABLE_STRICT_OBJC_MSGSEND = YES;
				GCC_C_LANGUAGE_STANDARD = gnu11;
				GCC_NO_COMMON_BLOCKS = YES;
				GCC_WARN_64_TO_32_BIT_CONVERSION = YES;
				GCC_WARN_ABOUT_RETURN_TYPE = YES_ERROR;
				GCC_WARN_UNDECLARED_SELECTOR = YES;
				GCC_WARN_UNINITIALIZED_AUTOS = YES_AGGRESSIVE;
				GCC_WARN_UNUSED_FUNCTION = YES;
				GCC_WARN_UNUSED_VARIABLE = YES;
				IPHONEOS_DEPLOYMENT_TARGET = 12.4;
				MTL_ENABLE_DEBUG_INFO = NO;
				MTL_FAST_MATH = YES;
				SDKROOT = iphoneos;
				SWIFT_COMPILATION_MODE = wholemodule;
				SWIFT_OPTIMIZATION_LEVEL = "-O";
				VALIDATE_PRODUCT = YES;
			};
			name = Release;
		};
		BD0BDA312309BBB4009614F3 /* Debug */ = {
			isa = XCBuildConfiguration;
			buildSettings = {
				ASSETCATALOG_COMPILER_APPICON_NAME = AppIcon;
				CODE_SIGN_STYLE = Automatic;
				DEVELOPMENT_TEAM = CPW849W344;
				INFOPLIST_FILE = "app-swoosh/Info.plist";
				LD_RUNPATH_SEARCH_PATHS = (
					"$(inherited)",
					"@executable_path/Frameworks",
				);
				PRODUCT_BUNDLE_IDENTIFIER = "app.nahid.app-swoosh.app-swoosh";
				PRODUCT_NAME = "$(TARGET_NAME)";
				SWIFT_VERSION = 5.0;
				TARGETED_DEVICE_FAMILY = "1,2";
			};
			name = Debug;
		};
		BD0BDA322309BBB4009614F3 /* Release */ = {
			isa = XCBuildConfiguration;
			buildSettings = {
				ASSETCATALOG_COMPILER_APPICON_NAME = AppIcon;
				CODE_SIGN_STYLE = Automatic;
				DEVELOPMENT_TEAM = CPW849W344;
				INFOPLIST_FILE = "app-swoosh/Info.plist";
				LD_RUNPATH_SEARCH_PATHS = (
					"$(inherited)",
					"@executable_path/Frameworks",
				);
				PRODUCT_BUNDLE_IDENTIFIER = "app.nahid.app-swoosh.app-swoosh";
				PRODUCT_NAME = "$(TARGET_NAME)";
				SWIFT_VERSION = 5.0;
				TARGETED_DEVICE_FAMILY = "1,2";
			};
			name = Release;
		};
/* End XCBuildConfiguration section */

/* Begin XCConfigurationList section */
		BD0BDA192309BBB2009614F3 /* Build configuration list for PBXProject "app-swoosh" */ = {
			isa = XCConfigurationList;
			buildConfigurations = (
				BD0BDA2E2309BBB4009614F3 /* Debug */,
				BD0BDA2F2309BBB4009614F3 /* Release */,
			);
			defaultConfigurationIsVisible = 0;
			defaultConfigurationName = Release;
		};
		BD0BDA302309BBB4009614F3 /* Build configuration list for PBXNativeTarget "app-swoosh" */ = {
			isa = XCConfigurationList;
			buildConfigurations = (
				BD0BDA312309BBB4009614F3 /* Debug */,
				BD0BDA322309BBB4009614F3 /* Release */,
			);
			defaultConfigurationIsVisible = 0;
			defaultConfigurationName = Release;
		};
/* End XCConfigurationList section */
	};
	rootObject = BD0BDA162309BBB2009614F3 /* Project object */;
}
